<Solution>
  <Folder Name="/src/">
    <Project Path="src/OfficeTalk.Cli/OfficeTalk.Cli.csproj" />
    <Project Path="src/OfficeTalkEngine/OfficeTalkEngine.csproj" />
  </Folder>
  <Folder Name="/tests/">
    <Project Path="tests/OfficeTalkEngine.ParityTests/OfficeTalkEngine.ParityTests.csproj" />
    <Project Path="tests/OfficeTalkEngine.Tests/OfficeTalkEngine.Tests.csproj" />
  </Folder>
</Solution>
